{
  "name": "flagflipflag",
  "version": "1.0.0",
  "lockfileVersion": 2,
  "requires": true,
  "packages": {
    "": {
      "version": "1.0.0",
      "license": "ISC",
      "dependencies": {
        "flag-colors": "^0.1.0",
        "hex-to-hsl": "^1.0.2",
        "imports-loader": "^0.7.1",
        "isotope-layout": "^3.0.4"
      }
    },
    "node_modules/big.js": {
      "version": "3.1.3",
      "resolved": "https://registry.npmjs.org/big.js/-/big.js-3.1.3.tgz",
      "integrity": "sha1-TK2iGTZS6zyp7I5VyQFWacmAaXg=",
      "engines": {
        "node": "*"
      }
    },
    "node_modules/desandro-matches-selector": {
      "version": "2.0.2",
      "resolved": "https://registry.npmjs.org/desandro-matches-selector/-/desandro-matches-selector-2.0.2.tgz",
      "integrity": "sha1-cXvu1NwT59jzdi9wem1YpndCGOE="
    },
    "node_modules/emojis-list": {
      "version": "2.1.0",
      "resolved": "https://registry.npmjs.org/emojis-list/-/emojis-list-2.1.0.tgz",
      "integrity": "sha1-TapNnbAPmBmIDHn6RXrlsJof04k=",
      "engines": {
        "node": ">= 0.10"
      }
    },
    "node_modules/ev-emitter": {
      "version": "1.0.3",
      "resolved": "https://registry.npmjs.org/ev-emitter/-/ev-emitter-1.0.3.tgz",
      "integrity": "sha1-7l73S27SjZEbMt3L/JeGf1gJN7w="
    },
    "node_modules/fizzy-ui-utils": {
      "version": "2.0.5",
      "resolved": "https://registry.npmjs.org/fizzy-ui-utils/-/fizzy-ui-utils-2.0.5.tgz",
      "integrity": "sha1-1y3rx00snSctvLt7ABcHiX9sMhA=",
      "dependencies": {
        "desandro-matches-selector": "^2.0.0"
      }
    },
    "node_modules/flag-colors": {
      "version": "0.1.0",
      "resolved": "https://registry.npmjs.org/flag-colors/-/flag-colors-0.1.0.tgz",
      "integrity": "sha1-+juuJJs+QvesprAOWgqT73b8w4A="
    },
    "node_modules/get-size": {
      "version": "2.0.2",
      "resolved": "https://registry.npmjs.org/get-size/-/get-size-2.0.2.tgz",
      "integrity": "sha1-VV6pirhzLgwCHp4j4iGa3L45jpg="
    },
    "node_modules/hex-to-hsl": {
      "version": "1.0.2",
      "resolved": "https://registry.npmjs.org/hex-to-hsl/-/hex-to-hsl-1.0.2.tgz",
      "integrity": "sha1-1cWezgAXhEToIcj8WKQwr8CYMcI=",
      "dependencies": {
        "hex-to-rgb": "^1.0.1",
        "rgb-to-hsl": "0.0.2"
      }
    },
    "node_modules/hex-to-rgb": {
      "version": "1.0.1",
      "resolved": "https://registry.npmjs.org/hex-to-rgb/-/hex-to-rgb-1.0.1.tgz",
      "integrity": "sha1-EAud8SazLydirfhIa+aMZe+O0qQ="
    },
    "node_modules/imports-loader": {
      "version": "0.7.1",
      "resolved": "https://registry.npmjs.org/imports-loader/-/imports-loader-0.7.1.tgz",
      "integrity": "sha1-8gS180cCoywdt9SNidXoZ6BEElM=",
      "dependencies": {
        "loader-utils": "^1.0.2",
        "source-map": "^0.5.6"
      }
    },
    "node_modules/isotope-layout": {
      "version": "3.0.4",
      "resolved": "https://registry.npmjs.org/isotope-layout/-/isotope-layout-3.0.4.tgz",
      "integrity": "sha1-8+2NFfjPs4ULEXd/HKduCou1tzo=",
      "dependencies": {
        "desandro-matches-selector": "^2.0.0",
        "fizzy-ui-utils": "^2.0.4",
        "get-size": "^2.0.0",
        "masonry-layout": "^4.1.0",
        "outlayer": "^2.1.0"
      }
    },
    "node_modules/json5": {
      "version": "0.5.1",
      "resolved": "https://registry.npmjs.org/json5/-/json5-0.5.1.tgz",
      "integrity": "sha1-Hq3nrMASA0rYTiOWdn6tn6VJWCE=",
      "bin": {
        "json5": "lib/cli.js"
      }
    },
    "node_modules/loader-utils": {
      "version": "1.1.0",
      "resolved": "https://registry.npmjs.org/loader-utils/-/loader-utils-1.1.0.tgz",
      "integrity": "sha1-yYrvSIvM7aL/teLeZG1qdUQp9c0=",
      "dependencies": {
        "big.js": "^3.1.3",
        "emojis-list": "^2.0.0",
        "json5": "^0.5.0"
      },
      "engines": {
        "node": ">=4.0.0"
      }
    },
    "node_modules/masonry-layout": {
      "version": "4.2.0",
      "resolved": "https://registry.npmjs.org/masonry-layout/-/masonry-layout-4.2.0.tgz",
      "integrity": "sha1-Q4Nca24Ncu/ywxoRjIAAzMxKuWU=",
      "dependencies": {
        "get-size": "^2.0.2",
        "outlayer": "^2.1.0"
      }
    },
    "node_modules/outlayer": {
      "version": "2.1.0",
      "resolved": "https://registry.npmjs.org/outlayer/-/outlayer-2.1.0.tgz",
      "integrity": "sha1-g7e+78Gb7NMnjIremI0mh4jW+T0=",
      "dependencies": {
        "ev-emitter": "^1.0.0",
        "fizzy-ui-utils": "^2.0.0",
        "get-size": "^2.0.2"
      }
    },
    "node_modules/rgb-to-hsl": {
      "version": "0.0.2",
      "resolved": "https://registry.npmjs.org/rgb-to-hsl/-/rgb-to-hsl-0.0.2.tgz",
      "integrity": "sha1-Nvn8KGN2uQrMRX5pkAW0y0LTUOw="
    },
    "node_modules/source-map": {
      "version": "0.5.6",
      "resolved": "https://registry.npmjs.org/source-map/-/source-map-0.5.6.tgz",
      "integrity": "sha1-dc449SvwczxafwwRjYEzSiu19BI=",
      "engines": {
        "node": ">=0.10.0"
      }
    }
  },
  "dependencies": {
    "big.js": {
      "version": "3.1.3",
      "resolved": "https://registry.npmjs.org/big.js/-/big.js-3.1.3.tgz",
      "integrity": "sha1-TK2iGTZS6zyp7I5VyQFWacmAaXg="
    },
    "desandro-matches-selector": {
      "version": "2.0.2",
      "resolved": "https://registry.npmjs.org/desandro-matches-selector/-/desandro-matches-selector-2.0.2.tgz",
      "integrity": "sha1-cXvu1NwT59jzdi9wem1YpndCGOE="
    },
    "emojis-list": {
      "version": "2.1.0",
      "resolved": "https://registry.npmjs.org/emojis-list/-/emojis-list-2.1.0.tgz",
      "integrity": "sha1-TapNnbAPmBmIDHn6RXrlsJof04k="
    },
    "ev-emitter": {
      "version": "1.0.3",
      "resolved": "https://registry.npmjs.org/ev-emitter/-/ev-emitter-1.0.3.tgz",
      "integrity": "sha1-7l73S27SjZEbMt3L/JeGf1gJN7w="
    },
    "fizzy-ui-utils": {
      "version": "2.0.5",
      "resolved": "https://registry.npmjs.org/fizzy-ui-utils/-/fizzy-ui-utils-2.0.5.tgz",
      "integrity": "sha1-1y3rx00snSctvLt7ABcHiX9sMhA=",
      "requires": {
        "desandro-matches-selector": "^2.0.0"
      }
    },
    "flag-colors": {
      "version": "0.1.0",
      "resolved": "https://registry.npmjs.org/flag-colors/-/flag-colors-0.1.0.tgz",
      "integrity": "sha1-+juuJJs+QvesprAOWgqT73b8w4A="
    },
    "get-size": {
      "version": "2.0.2",
      "resolved": "https://registry.npmjs.org/get-size/-/get-size-2.0.2.tgz",
      "integrity": "sha1-VV6pirhzLgwCHp4j4iGa3L45jpg="
    },
    "hex-to-hsl": {
      "version": "1.0.2",
      "resolved": "https://registry.npmjs.org/hex-to-hsl/-/hex-to-hsl-1.0.2.tgz",
      "integrity": "sha1-1cWezgAXhEToIcj8WKQwr8CYMcI=",
      "requires": {
        "hex-to-rgb": "^1.0.1",
        "rgb-to-hsl": "0.0.2"
      }
    },
    "hex-to-rgb": {
      "version": "1.0.1",
      "resolved": "https://registry.npmjs.org/hex-to-rgb/-/hex-to-rgb-1.0.1.tgz",
      "integrity": "sha1-EAud8SazLydirfhIa+aMZe+O0qQ="
    },
    "imports-loader": {
      "version": "0.7.1",
      "resolved": "https://registry.npmjs.org/imports-loader/-/imports-loader-0.7.1.tgz",
      "integrity": "sha1-8gS180cCoywdt9SNidXoZ6BEElM=",
      "requires": {
        "loader-utils": "^1.0.2",
        "source-map": "^0.5.6"
      }
    },
    "isotope-layout": {
      "version": "3.0.4",
      "resolved": "https://registry.npmjs.org/isotope-layout/-/isotope-layout-3.0.4.tgz",
      "integrity": "sha1-8+2NFfjPs4ULEXd/HKduCou1tzo=",
      "requires": {
        "desandro-matches-selector": "^2.0.0",
        "fizzy-ui-utils": "^2.0.4",
        "get-size": "^2.0.0",
        "masonry-layout": "^4.1.0",
        "outlayer": "^2.1.0"
      }
    },
    "json5": {
      "version": "0.5.1",
      "resolved": "https://registry.npmjs.org/json5/-/json5-0.5.1.tgz",
      "integrity": "sha1-Hq3nrMASA0rYTiOWdn6tn6VJWCE="
    },
    "loader-utils": {
      "version": "1.1.0",
      "resolved": "https://registry.npmjs.org/loader-utils/-/loader-utils-1.1.0.tgz",
      "integrity": "sha1-yYrvSIvM7aL/teLeZG1qdUQp9c0=",
      "requires": {
        "big.js": "^3.1.3",
        "emojis-list": "^2.0.0",
        "json5": "^0.5.0"
      }
    },
    "masonry-layout": {
      "version": "4.2.0",
      "resolved": "https://registry.npmjs.org/masonry-layout/-/masonry-layout-4.2.0.tgz",
      "integrity": "sha1-Q4Nca24Ncu/ywxoRjIAAzMxKuWU=",
      "requires": {
        "get-size": "^2.0.2",
        "outlayer": "^2.1.0"
      }
    },
    "outlayer": {
      "version": "2.1.0",
      "resolved": "https://registry.npmjs.org/outlayer/-/outlayer-2.1.0.tgz",
      "integrity": "sha1-g7e+78Gb7NMnjIremI0mh4jW+T0=",
      "requires": {
        "ev-emitter": "^1.0.0",
        "fizzy-ui-utils": "^2.0.0",
        "get-size": "^2.0.2"
      }
    },
    "rgb-to-hsl": {
      "version": "0.0.2",
      "resolved": "https://registry.npmjs.org/rgb-to-hsl/-/rgb-to-hsl-0.0.2.tgz",
      "integrity": "sha1-Nvn8KGN2uQrMRX5pkAW0y0LTUOw="
    },
    "source-map": {
      "version": "0.5.6",
      "resolved": "https://registry.npmjs.org/source-map/-/source-map-0.5.6.tgz",
      "integrity": "sha1-dc449SvwczxafwwRjYEzSiu19BI="
    }
  }
}
